
Microsoft Visual Studio Solution File, Format Version 12.00
# Visual Studio Version 17
VisualStudioVersion = 17.0.31919.166
MinimumVisualStudioVersion = 10.0.40219.1
Project("{FAE04EC0-301F-11D3-BF4B-00C04F79EFBC}") = "Ogrenci_Kayit", "Ogrenci_Kayit\Ogrenci_Kayit.csproj", "{A43089B1-2898-4864-B51F-3DE3E30BFCF1}"
EndProject
Global
	GlobalSection(SolutionConfigurationPlatforms) = preSolution
		Debug|Any CPU = Debug|Any CPU
		Release|Any CPU = Release|Any CPU
	EndGlobalSection
	GlobalSection(ProjectConfigurationPlatforms) = postSolution
		{A43089B1-2898-4864-B51F-3DE3E30BFCF1}.Debug|Any CPU.ActiveCfg = Debug|Any CPU
		{A43089B1-2898-4864-B51F-3DE3E30BFCF1}.Debug|Any CPU.Build.0 = Debug|Any CPU
		{A43089B1-2898-4864-B51F-3DE3E30BFCF1}.Release|Any CPU.ActiveCfg = Release|Any CPU
		{A43089B1-2898-4864-B51F-3DE3E30BFCF1}.Release|Any CPU.Build.0 = Release|Any CPU
	EndGlobalSection
	GlobalSection(SolutionProperties) = preSolution
		HideSolutionNode = FALSE
	EndGlobalSection
	GlobalSection(ExtensibilityGlobals) = postSolution
		SolutionGuid = {F5477965-522C-4965-A9CF-4A779653D9D4}
	EndGlobalSection
EndGlobal
